
Microsoft Visual Studio Solution File, Format Version 11.00
# Visual Studio 2010
Project("{FAE04EC0-301F-11D3-BF4B-00C04F79EFBC}") = "DinoSteroidsContent", "DinoSteroidsContent\DinoSteroidsContent\DinoSteroidsContent.csproj", "{547F1C79-18B3-45F8-BB16-89BEB9AA4F80}"
EndProject
Project("{96E2B04D-8817-42C6-938A-82C39BA4D311}") = "DinoSteroidsContentContent", "DinoSteroidsContent\DinoSteroidsContentContent\DinoSteroidsContentContent.contentproj", "{A3388A11-7E7B-42A8-9F91-05D7C714425C}"
EndProject
Global
	GlobalSection(SolutionConfigurationPlatforms) = preSolution
		Debug|x86 = Debug|x86
		Release|x86 = Release|x86
	EndGlobalSection
	GlobalSection(ProjectConfigurationPlatforms) = postSolution
		{547F1C79-18B3-45F8-BB16-89BEB9AA4F80}.Debug|x86.ActiveCfg = Debug|x86
		{547F1C79-18B3-45F8-BB16-89BEB9AA4F80}.Debug|x86.Build.0 = Debug|x86
		{547F1C79-18B3-45F8-BB16-89BEB9AA4F80}.Release|x86.ActiveCfg = Release|x86
		{547F1C79-18B3-45F8-BB16-89BEB9AA4F80}.Release|x86.Build.0 = Release|x86
		{A3388A11-7E7B-42A8-9F91-05D7C714425C}.Debug|x86.ActiveCfg = Debug|x86
		{A3388A11-7E7B-42A8-9F91-05D7C714425C}.Release|x86.ActiveCfg = Release|x86
	EndGlobalSection
	GlobalSection(SolutionProperties) = preSolution
		HideSolutionNode = FALSE
	EndGlobalSection
EndGlobal
